// !$*UTF8*$!
{
	archiveVersion = 1;
	classes = {
	};
	objectVersion = 77;
	objects = {

/* Begin PBXBuildFile section */
		69D5BF522EFAE80E00B30B6B /* FirebaseStorage in Frameworks */ = {isa = PBXBuildFile; productRef = 69D5BF512EFAE80E00B30B6B /* FirebaseStorage */; };
		69D7F9FC2EF44A6A004C1D91 /* FirebaseAnalytics in Frameworks */ = {isa = PBXBuildFile; productRef = 69D7F9FB2EF44A6A004C1D91 /* FirebaseAnalytics */; };
		69D7FA022EF44DF5004C1D91 /* FirebaseAnalyticsIdentitySupport in Frameworks */ = {isa = PBXBuildFile; productRef = 69D7FA012EF44DF5004C1D91 /* FirebaseAnalyticsIdentitySupport */; };
		69D7FA132EF44E84004C1D91 /* AkilliKapmusApp.appex in Embed ExtensionKit Extensions */ = {isa = PBXBuildFile; fileRef = 69D7FA072EF44E84004C1D91 /* AkilliKapmusApp.appex */; settings = {ATTRIBUTES = (RemoveHeadersOnCopy, ); }; };
		69D7FA1A2EF44F5F004C1D91 /* FirebaseAuth in Frameworks */ = {isa = PBXBuildFile; productRef = 69D7FA192EF44F5F004C1D91 /* FirebaseAuth */; };
		69D7FA1C2EF44F5F004C1D91 /* FirebaseFirestore in Frameworks */ = {isa = PBXBuildFile; productRef = 69D7FA1B2EF44F5F004C1D91 /* FirebaseFirestore */; };
		69D7FA5E2EF456BC004C1D91 /* GoogleSignIn in Frameworks */ = {isa = PBXBuildFile; productRef = 69D7FA5D2EF456BC004C1D91 /* GoogleSignIn */; };
		69D7FA602EF456BC004C1D91 /* GoogleSignInSwift in Frameworks */ = {isa = PBXBuildFile; productRef = 69D7FA5F2EF456BC004C1D91 /* GoogleSignInSwift */; };
		69D7FA642EF459CF004C1D91 /* GoogleService-Info2.plist in Resources */ = {isa = PBXBuildFile; fileRef = 69D7FA632EF459CF004C1D91 /* GoogleService-Info2.plist */; };
/* End PBXBuildFile section */

/* Begin PBXContainerItemProxy section */
		69D7FA112EF44E84004C1D91 /* PBXContainerItemProxy */ = {
			isa = PBXContainerItemProxy;
			containerPortal = 69F127892EE312D5001671B5 /* Project object */;
			proxyType = 1;
			remoteGlobalIDString = 69D7FA062EF44E84004C1D91;
			remoteInfo = AkilliKapmusApp;
		};
		69F127A42EE312D7001671B5 /* PBXContainerItemProxy */ = {
			isa = PBXContainerItemProxy;
			containerPortal = 69F127892EE312D5001671B5 /* Project object */;
			proxyType = 1;
			remoteGlobalIDString = 69F127902EE312D5001671B5;
			remoteInfo = AkilliKampusApp;
		};
		69F127AE2EE312D7001671B5 /* PBXContainerItemProxy */ = {
			isa = PBXContainerItemProxy;
			containerPortal = 69F127892EE312D5001671B5 /* Project object */;
			proxyType = 1;
			remoteGlobalIDString = 69F127902EE312D5001671B5;
			remoteInfo = AkilliKampusApp;
		};
/* End PBXContainerItemProxy section */

/* Begin PBXCopyFilesBuildPhase section */
		69D7FA182EF44E84004C1D91 /* Embed ExtensionKit Extensions */ = {
			isa = PBXCopyFilesBuildPhase;
			buildActionMask = 2147483647;
			dstPath = "$(EXTENSIONS_FOLDER_PATH)";
			dstSubfolderSpec = 16;
			files = (
				69D7FA132EF44E84004C1D91 /* AkilliKapmusApp.appex in Embed ExtensionKit Extensions */,
			);
			name = "Embed ExtensionKit Extensions";
			runOnlyForDeploymentPostprocessing = 0;
		};
/* End PBXCopyFilesBuildPhase section */

/* Begin PBXFileReference section */
		69D7FA072EF44E84004C1D91 /* AkilliKapmusApp.appex */ = {isa = PBXFileReference; explicitFileType = "wrapper.extensionkit-extension"; includeInIndex = 0; path = AkilliKapmusApp.appex; sourceTree = BUILT_PRODUCTS_DIR; };
		69D7FA632EF459CF004C1D91 /* GoogleService-Info2.plist */ = {isa = PBXFileReference; lastKnownFileType = text.plist.xml; path = "GoogleService-Info2.plist"; sourceTree = "<group>"; };
		69F127912EE312D5001671B5 /* AkilliKampusApp.app */ = {isa = PBXFileReference; explicitFileType = wrapper.application; includeInIndex = 0; path = AkilliKampusApp.app; sourceTree = BUILT_PRODUCTS_DIR; };
		69F127A32EE312D7001671B5 /* AkilliKampusAppTests.xctest */ = {isa = PBXFileReference; explicitFileType = wrapper.cfbundle; includeInIndex = 0; path = AkilliKampusAppTests.xctest; sourceTree = BUILT_PRODUCTS_DIR; };
		69F127AD2EE312D7001671B5 /* AkilliKampusAppUITests.xctest */ = {isa = PBXFileReference; explicitFileType = wrapper.cfbundle; includeInIndex = 0; path = AkilliKampusAppUITests.xctest; sourceTree = BUILT_PRODUCTS_DIR; };
/* End PBXFileReference section */

/* Begin PBXFileSystemSynchronizedBuildFileExceptionSet section */
		69D7FA142EF44E84004C1D91 /* Exceptions for "AkilliKapmusApp" folder in "AkilliKapmusApp" target */ = {
			isa = PBXFileSystemSynchronizedBuildFileExceptionSet;
			membershipExceptions = (
				Info.plist,
			);
			target = 69D7FA062EF44E84004C1D91 /* AkilliKapmusApp */;
		};
		69D7FA622EF4585F004C1D91 /* Exceptions for "AkilliKampusApp" folder in "AkilliKampusApp" target */ = {
			isa = PBXFileSystemSynchronizedBuildFileExceptionSet;
			membershipExceptions = (
				Info.plist,
			);
			target = 69F127902EE312D5001671B5 /* AkilliKampusApp */;
		};
/* End PBXFileSystemSynchronizedBuildFileExceptionSet section */

/* Begin PBXFileSystemSynchronizedRootGroup section */
		69D7FA082EF44E84004C1D91 /* AkilliKapmusApp */ = {
			isa = PBXFileSystemSynchronizedRootGroup;
			exceptions = (
				69D7FA142EF44E84004C1D91 /* Exceptions for "AkilliKapmusApp" folder in "AkilliKapmusApp" target */,
			);
			path = AkilliKapmusApp;
			sourceTree = "<group>";
		};
		69F127932EE312D5001671B5 /* AkilliKampusApp */ = {
			isa = PBXFileSystemSynchronizedRootGroup;
			exceptions = (
				69D7FA622EF4585F004C1D91 /* Exceptions for "AkilliKampusApp" folder in "AkilliKampusApp" target */,
			);
			path = AkilliKampusApp;
			sourceTree = "<group>";
		};
		69F127A62EE312D7001671B5 /* AkilliKampusAppTests */ = {
			isa = PBXFileSystemSynchronizedRootGroup;
			path = AkilliKampusAppTests;
			sourceTree = "<group>";
		};
		69F127B02EE312D7001671B5 /* AkilliKampusAppUITests */ = {
			isa = PBXFileSystemSynchronizedRootGroup;
			path = AkilliKampusAppUITests;
			sourceTree = "<group>";
		};
/* End PBXFileSystemSynchronizedRootGroup section */

/* Begin PBXFrameworksBuildPhase section */
		69D7FA042EF44E84004C1D91 /* Frameworks */ = {
			isa = PBXFrameworksBuildPhase;
			buildActionMask = 2147483647;
			files = (
			);
			runOnlyForDeploymentPostprocessing = 0;
		};
		69F1278E2EE312D5001671B5 /* Frameworks */ = {
			isa = PBXFrameworksBuildPhase;
			buildActionMask = 2147483647;
			files = (
				69D7FA5E2EF456BC004C1D91 /* GoogleSignIn in Frameworks */,
				69D7FA022EF44DF5004C1D91 /* FirebaseAnalyticsIdentitySupport in Frameworks */,
				69D7FA1C2EF44F5F004C1D91 /* FirebaseFirestore in Frameworks */,
				69D7FA602EF456BC004C1D91 /* GoogleSignInSwift in Frameworks */,
				69D5BF522EFAE80E00B30B6B /* FirebaseStorage in Frameworks */,
				69D7FA1A2EF44F5F004C1D91 /* FirebaseAuth in Frameworks */,
				69D7F9FC2EF44A6A004C1D91 /* FirebaseAnalytics in Frameworks */,
			);
			runOnlyForDeploymentPostprocessing = 0;
		};
		69F127A02EE312D7001671B5 /* Frameworks */ = {
			isa = PBXFrameworksBuildPhase;
			buildActionMask = 2147483647;
			files = (
			);
			runOnlyForDeploymentPostprocessing = 0;
		};
		69F127AA2EE312D7001671B5 /* Frameworks */ = {
			isa = PBXFrameworksBuildPhase;
			buildActionMask = 2147483647;
			files = (
			);
			runOnlyForDeploymentPostprocessing = 0;
		};
/* End PBXFrameworksBuildPhase section */

/* Begin PBXGroup section */
		69D5BF502EFAE80E00B30B6B /* Frameworks */ = {
			isa = PBXGroup;
			children = (
			);
			name = Frameworks;
			sourceTree = "<group>";
		};
		69F127882EE312D5001671B5 = {
			isa = PBXGroup;
			children = (
				69F127932EE312D5001671B5 /* AkilliKampusApp */,
				69F127A62EE312D7001671B5 /* AkilliKampusAppTests */,
				69F127B02EE312D7001671B5 /* AkilliKampusAppUITests */,
				69D7FA082EF44E84004C1D91 /* AkilliKapmusApp */,
				69F127922EE312D5001671B5 /* Products */,
				69D7FA632EF459CF004C1D91 /* GoogleService-Info2.plist */,
				69D5BF502EFAE80E00B30B6B /* Frameworks */,
			);
			sourceTree = "<group>";
		};
		69F127922EE312D5001671B5 /* Products */ = {
			isa = PBXGroup;
			children = (
				69F127912EE312D5001671B5 /* AkilliKampusApp.app */,
				69F127A32EE312D7001671B5 /* AkilliKampusAppTests.xctest */,
				69F127AD2EE312D7001671B5 /* AkilliKampusAppUITests.xctest */,
				69D7FA072EF44E84004C1D91 /* AkilliKapmusApp.appex */,
			);
			name = Products;
			sourceTree = "<group>";
		};
/* End PBXGroup section */

/* Begin PBXNativeTarget section */
		69D7FA062EF44E84004C1D91 /* AkilliKapmusApp */ = {
			isa = PBXNativeTarget;
			buildConfigurationList = 69D7FA152EF44E84004C1D91 /* Build configuration list for PBXNativeTarget "AkilliKapmusApp" */;
			buildPhases = (
				69D7FA032EF44E84004C1D91 /* Sources */,
				69D7FA042EF44E84004C1D91 /* Frameworks */,
				69D7FA052EF44E84004C1D91 /* Resources */,
			);
			buildRules = (
			);
			dependencies = (
			);
			fileSystemSynchronizedGroups = (
				69D7FA082EF44E84004C1D91 /* AkilliKapmusApp */,
			);
			name = AkilliKapmusApp;
			packageProductDependencies = (
			);
			productName = AkilliKapmusApp;
			productReference = 69D7FA072EF44E84004C1D91 /* AkilliKapmusApp.appex */;
			productType = "com.apple.product-type.extensionkit-extension";
		};
		69F127902EE312D5001671B5 /* AkilliKampusApp */ = {
			isa = PBXNativeTarget;
			buildConfigurationList = 69F127B72EE312D7001671B5 /* Build configuration list for PBXNativeTarget "AkilliKampusApp" */;
			buildPhases = (
				69F1278D2EE312D5001671B5 /* Sources */,
				69F1278E2EE312D5001671B5 /* Frameworks */,
				69F1278F2EE312D5001671B5 /* Resources */,
				69D7FA182EF44E84004C1D91 /* Embed ExtensionKit Extensions */,
			);
			buildRules = (
			);
			dependencies = (
				69D7FA122EF44E84004C1D91 /* PBXTargetDependency */,
			);
			fileSystemSynchronizedGroups = (
				69F127932EE312D5001671B5 /* AkilliKampusApp */,
			);
			name = AkilliKampusApp;
			packageProductDependencies = (
				69D7F9FB2EF44A6A004C1D91 /* FirebaseAnalytics */,
				69D7FA012EF44DF5004C1D91 /* FirebaseAnalyticsIdentitySupport */,
				69D7FA192EF44F5F004C1D91 /* FirebaseAuth */,
				69D7FA1B2EF44F5F004C1D91 /* FirebaseFirestore */,
				69D7FA5D2EF456BC004C1D91 /* GoogleSignIn */,
				69D7FA5F2EF456BC004C1D91 /* GoogleSignInSwift */,
				69D5BF512EFAE80E00B30B6B /* FirebaseStorage */,
			);
			productName = AkilliKampusApp;
			productReference = 69F127912EE312D5001671B5 /* AkilliKampusApp.app */;
			productType = "com.apple.product-type.application";
		};
		69F127A22EE312D7001671B5 /* AkilliKampusAppTests */ = {
			isa = PBXNativeTarget;
			buildConfigurationList = 69F127BA2EE312D7001671B5 /* Build configuration list for PBXNativeTarget "AkilliKampusAppTests" */;
			buildPhases = (
				69F1279F2EE312D7001671B5 /* Sources */,
				69F127A02EE312D7001671B5 /* Frameworks */,
				69F127A12EE312D7001671B5 /* Resources */,
			);
			buildRules = (
			);
			dependencies = (
				69F127A52EE312D7001671B5 /* PBXTargetDependency */,
			);
			fileSystemSynchronizedGroups = (
				69F127A62EE312D7001671B5 /* AkilliKampusAppTests */,
			);
			name = AkilliKampusAppTests;
			packageProductDependencies = (
			);
			productName = AkilliKampusAppTests;
			productReference = 69F127A32EE312D7001671B5 /* AkilliKampusAppTests.xctest */;
			productType = "com.apple.product-type.bundle.unit-test";
		};
		69F127AC2EE312D7001671B5 /* AkilliKampusAppUITests */ = {
			isa = PBXNativeTarget;
			buildConfigurationList = 69F127BD2EE312D7001671B5 /* Build configuration list for PBXNativeTarget "AkilliKampusAppUITests" */;
			buildPhases = (
				69F127A92EE312D7001671B5 /* Sources */,
				69F127AA2EE312D7001671B5 /* Frameworks */,
				69F127AB2EE312D7001671B5 /* Resources */,
			);
			buildRules = (
			);
			dependencies = (
				69F127AF2EE312D7001671B5 /* PBXTargetDependency */,
			);
			fileSystemSynchronizedGroups = (
				69F127B02EE312D7001671B5 /* AkilliKampusAppUITests */,
			);
			name = AkilliKampusAppUITests;
			packageProductDependencies = (
			);
			productName = AkilliKampusAppUITests;
			productReference = 69F127AD2EE312D7001671B5 /* AkilliKampusAppUITests.xctest */;
			productType = "com.apple.product-type.bundle.ui-testing";
		};
/* End PBXNativeTarget section */

/* Begin PBXProject section */
		69F127892EE312D5001671B5 /* Project object */ = {
			isa = PBXProject;
			attributes = {
				BuildIndependentTargetsInParallel = 1;
				LastSwiftUpdateCheck = 1640;
				LastUpgradeCheck = 1640;
				TargetAttributes = {
					69D7FA062EF44E84004C1D91 = {
						CreatedOnToolsVersion = 16.4;
					};
					69F127902EE312D5001671B5 = {
						CreatedOnToolsVersion = 16.4;
					};
					69F127A22EE312D7001671B5 = {
						CreatedOnToolsVersion = 16.4;
						TestTargetID = 69F127902EE312D5001671B5;
					};
					69F127AC2EE312D7001671B5 = {
						CreatedOnToolsVersion = 16.4;
						TestTargetID = 69F127902EE312D5001671B5;
					};
				};
			};
			buildConfigurationList = 69F1278C2EE312D5001671B5 /* Build configuration list for PBXProject "AkilliKampusApp" */;
			developmentRegion = en;
			hasScannedForEncodings = 0;
			knownRegions = (
				en,
				Base,
			);
			mainGroup = 69F127882EE312D5001671B5;
			minimizedProjectReferenceProxies = 1;
			packageReferences = (
				69D7F9FA2EF448C9004C1D91 /* XCRemoteSwiftPackageReference "firebase-ios-sdk" */,
				69D7FA5C2EF456BC004C1D91 /* XCRemoteSwiftPackageReference "GoogleSignIn-iOS" */,
			);
			preferredProjectObjectVersion = 77;
			productRefGroup = 69F127922EE312D5001671B5 /* Products */;
			projectDirPath = "";
			projectRoot = "";
			targets = (
				69F127902EE312D5001671B5 /* AkilliKampusApp */,
				69F127A22EE312D7001671B5 /* AkilliKampusAppTests */,
				69F127AC2EE312D7001671B5 /* AkilliKampusAppUITests */,
				69D7FA062EF44E84004C1D91 /* AkilliKapmusApp */,
			);
		};
/* End PBXProject section */

/* Begin PBXResourcesBuildPhase section */
		69D7FA052EF44E84004C1D91 /* Resources */ = {
			isa = PBXResourcesBuildPhase;
			buildActionMask = 2147483647;
			files = (
			);
			runOnlyForDeploymentPostprocessing = 0;
		};
		69F1278F2EE312D5001671B5 /* Resources */ = {
			isa = PBXResourcesBuildPhase;
			buildActionMask = 2147483647;
			files = (
				69D7FA642EF459CF004C1D91 /* GoogleService-Info2.plist in Resources */,
			);
			runOnlyForDeploymentPostprocessing = 0;
		};
		69F127A12EE312D7001671B5 /* Resources */ = {
			isa = PBXResourcesBuildPhase;
			buildActionMask = 2147483647;
			files = (
			);
			runOnlyForDeploymentPostprocessing = 0;
		};
		69F127AB2EE312D7001671B5 /* Resources */ = {
			isa = PBXResourcesBuildPhase;
			buildActionMask = 2147483647;
			files = (
			);
			runOnlyForDeploymentPostprocessing = 0;
		};
/* End PBXResourcesBuildPhase section */

/* Begin PBXSourcesBuildPhase section */
		69D7FA032EF44E84004C1D91 /* Sources */ = {
			isa = PBXSourcesBuildPhase;
			buildActionMask = 2147483647;
			files = (
			);
			runOnlyForDeploymentPostprocessing = 0;
		};
		69F1278D2EE312D5001671B5 /* Sources */ = {
			isa = PBXSourcesBuildPhase;
			buildActionMask = 2147483647;
			files = (
			);
			runOnlyForDeploymentPostprocessing = 0;
		};
		69F1279F2EE312D7001671B5 /* Sources */ = {
			isa = PBXSourcesBuildPhase;
			buildActionMask = 2147483647;
			files = (
			);
			runOnlyForDeploymentPostprocessing = 0;
		};
		69F127A92EE312D7001671B5 /* Sources */ = {
			isa = PBXSourcesBuildPhase;
			buildActionMask = 2147483647;
			files = (
			);
			runOnlyForDeploymentPostprocessing = 0;
		};
/* End PBXSourcesBuildPhase section */

/* Begin PBXTargetDependency section */
		69D7FA122EF44E84004C1D91 /* PBXTargetDependency */ = {
			isa = PBXTargetDependency;
			target = 69D7FA062EF44E84004C1D91 /* AkilliKapmusApp */;
			targetProxy = 69D7FA112EF44E84004C1D91 /* PBXContainerItemProxy */;
		};
		69F127A52EE312D7001671B5 /* PBXTargetDependency */ = {
			isa = PBXTargetDependency;
			target = 69F127902EE312D5001671B5 /* AkilliKampusApp */;
			targetProxy = 69F127A42EE312D7001671B5 /* PBXContainerItemProxy */;
		};
		69F127AF2EE312D7001671B5 /* PBXTargetDependency */ = {
			isa = PBXTargetDependency;
			target = 69F127902EE312D5001671B5 /* AkilliKampusApp */;
			targetProxy = 69F127AE2EE312D7001671B5 /* PBXContainerItemProxy */;
		};
/* End PBXTargetDependency section */

/* Begin XCBuildConfiguration section */
		69D7FA162EF44E84004C1D91 /* Debug */ = {
			isa = XCBuildConfiguration;
			buildSettings = {
				CODE_SIGN_ENTITLEMENTS = AkilliKapmusApp/AkilliKapmusApp.entitlements;
				CODE_SIGN_STYLE = Automatic;
				CURRENT_PROJECT_VERSION = 1;
				DEVELOPMENT_TEAM = "";
				GENERATE_INFOPLIST_FILE = YES;
				INFOPLIST_FILE = AkilliKapmusApp/Info.plist;
				INFOPLIST_KEY_CFBundleDisplayName = AkilliKapmusApp;
				INFOPLIST_KEY_NSHumanReadableCopyright = "";
				LD_RUNPATH_SEARCH_PATHS = (
					"$(inherited)",
					"@executable_path/Frameworks",
					"@executable_path/../../Frameworks",
				);
				MARKETING_VERSION = 1.0;
				PRODUCT_BUNDLE_IDENTIFIER = com.feyzaacikgozoglu.AkilliKampusApp.AkilliKapmusApp;
				PRODUCT_NAME = "$(TARGET_NAME)";
				SKIP_INSTALL = YES;
				SWIFT_EMIT_LOC_STRINGS = YES;
				SWIFT_VERSION = 5.0;
				TARGETED_DEVICE_FAMILY = "1,2";
			};
			name = Debug;
		};
		69D7FA172EF44E84004C1D91 /* Release */ = {
			isa = XCBuildConfiguration;
			buildSettings = {
				CODE_SIGN_ENTITLEMENTS = AkilliKapmusApp/AkilliKapmusApp.entitlements;
				CODE_SIGN_STYLE = Automatic;
				CURRENT_PROJECT_VERSION = 1;
				DEVELOPMENT_TEAM = "";
				GENERATE_INFOPLIST_FILE = YES;
				INFOPLIST_FILE = AkilliKapmusApp/Info.plist;
				INFOPLIST_KEY_CFBundleDisplayName = AkilliKapmusApp;
				INFOPLIST_KEY_NSHumanReadableCopyright = "";
				LD_RUNPATH_SEARCH_PATHS = (
					"$(inherited)",
					"@executable_path/Frameworks",
					"@executable_path/../../Frameworks",
				);
				MARKETING_VERSION = 1.0;
				PRODUCT_BUNDLE_IDENTIFIER = com.feyzaacikgozoglu.AkilliKampusApp.AkilliKapmusApp;
				PRODUCT_NAME = "$(TARGET_NAME)";
				SKIP_INSTALL = YES;
				SWIFT_EMIT_LOC_STRINGS = YES;
				SWIFT_VERSION = 5.0;
				TARGETED_DEVICE_FAMILY = "1,2";
			};
			name = Release;
		};
		69F127B52EE312D7001671B5 /* Debug */ = {
			isa = XCBuildConfiguration;
			buildSettings = {
				ALWAYS_SEARCH_USER_PATHS = NO;
				ASSETCATALOG_COMPILER_GENERATE_SWIFT_ASSET_SYMBOL_EXTENSIONS = YES;
				CLANG_ANALYZER_NONNULL = YES;
				CLANG_ANALYZER_NUMBER_OBJECT_CONVERSION = YES_AGGRESSIVE;
				CLANG_CXX_LANGUAGE_STANDARD = "gnu++20";
				CLANG_ENABLE_MODULES = YES;
				CLANG_ENABLE_OBJC_ARC = YES;
				CLANG_ENABLE_OBJC_WEAK = YES;
				CLANG_WARN_BLOCK_CAPTURE_AUTORELEASING = YES;
				CLANG_WARN_BOOL_CONVERSION = YES;
				CLANG_WARN_COMMA = YES;
				CLANG_WARN_CONSTANT_CONVERSION = YES;
				CLANG_WARN_DEPRECATED_OBJC_IMPLEMENTATIONS = YES;
				CLANG_WARN_DIRECT_OBJC_ISA_USAGE = YES_ERROR;
				CLANG_WARN_DOCUMENTATION_COMMENTS = YES;
				CLANG_WARN_EMPTY_BODY = YES;
				CLANG_WARN_ENUM_CONVERSION = YES;
				CLANG_WARN_INFINITE_RECURSION = YES;
				CLANG_WARN_INT_CONVERSION = YES;
				CLANG_WARN_NON_LITERAL_NULL_CONVERSION = YES;
				CLANG_WARN_OBJC_IMPLICIT_RETAIN_SELF = YES;
				CLANG_WARN_OBJC_LITERAL_CONVERSION = YES;
				CLANG_WARN_OBJC_ROOT_CLASS = YES_ERROR;
				CLANG_WARN_QUOTED_INCLUDE_IN_FRAMEWORK_HEADER = YES;
				CLANG_WARN_RANGE_LOOP_ANALYSIS = YES;
				CLANG_WARN_STRICT_PROTOTYPES = YES;
				CLANG_WARN_SUSPICIOUS_MOVE = YES;
				CLANG_WARN_UNGUARDED_AVAILABILITY = YES_AGGRESSIVE;
				CLANG_WARN_UNREACHABLE_CODE = YES;
				CLANG_WARN__DUPLICATE_METHOD_MATCH = YES;
				COPY_PHASE_STRIP = NO;
				DEBUG_INFORMATION_FORMAT = dwarf;
				ENABLE_STRICT_OBJC_MSGSEND = YES;
				ENABLE_TESTABILITY = YES;
				ENABLE_USER_SCRIPT_SANDBOXING = YES;
				GCC_C_LANGUAGE_STANDARD = gnu17;
				GCC_DYNAMIC_NO_PIC = NO;
				GCC_NO_COMMON_BLOCKS = YES;
				GCC_OPTIMIZATION_LEVEL = 0;
				GCC_PREPROCESSOR_DEFINITIONS = (
					"DEBUG=1",
					"$(inherited)",
				);
				GCC_WARN_64_TO_32_BIT_CONVERSION = YES;
				GCC_WARN_ABOUT_RETURN_TYPE = YES_ERROR;
				GCC_WARN_UNDECLARED_SELECTOR = YES;
				GCC_WARN_UNINITIALIZED_AUTOS = YES_AGGRESSIVE;
				GCC_WARN_UNUSED_FUNCTION = YES;
				GCC_WARN_UNUSED_VARIABLE = YES;
				IPHONEOS_DEPLOYMENT_TARGET = 18.5;
				LOCALIZATION_PREFERS_STRING_CATALOGS = YES;
				MTL_ENABLE_DEBUG_INFO = INCLUDE_SOURCE;
				MTL_FAST_MATH = YES;
				ONLY_ACTIVE_ARCH = YES;
				SDKROOT = iphoneos;
				SWIFT_ACTIVE_COMPILATION_CONDITIONS = "DEBUG $(inherited)";
				SWIFT_OPTIMIZATION_LEVEL = "-Onone";
			};
			name = Debug;
		};
		69F127B62EE312D7001671B5 /* Release */ = {
			isa = XCBuildConfiguration;
			buildSettings = {
				ALWAYS_SEARCH_USER_PATHS = NO;
				ASSETCATALOG_COMPILER_GENERATE_SWIFT_ASSET_SYMBOL_EXTENSIONS = YES;
				CLANG_ANALYZER_NONNULL = YES;
				CLANG_ANALYZER_NUMBER_OBJECT_CONVERSION = YES_AGGRESSIVE;
				CLANG_CXX_LANGUAGE_STANDARD = "gnu++20";
				CLANG_ENABLE_MODULES = YES;
				CLANG_ENABLE_OBJC_ARC = YES;
				CLANG_ENABLE_OBJC_WEAK = YES;
				CLANG_WARN_BLOCK_CAPTURE_AUTORELEASING = YES;
				CLANG_WARN_BOOL_CONVERSION = YES;
				CLANG_WARN_COMMA = YES;
				CLANG_WARN_CONSTANT_CONVERSION = YES;
				CLANG_WARN_DEPRECATED_OBJC_IMPLEMENTATIONS = YES;
				CLANG_WARN_DIRECT_OBJC_ISA_USAGE = YES_ERROR;
				CLANG_WARN_DOCUMENTATION_COMMENTS = YES;
				CLANG_WARN_EMPTY_BODY = YES;
				CLANG_WARN_ENUM_CONVERSION = YES;
				CLANG_WARN_INFINITE_RECURSION = YES;
				CLANG_WARN_INT_CONVERSION = YES;
				CLANG_WARN_NON_LITERAL_NULL_CONVERSION = YES;
				CLANG_WARN_OBJC_IMPLICIT_RETAIN_SELF = YES;
				CLANG_WARN_OBJC_LITERAL_CONVERSION = YES;
				CLANG_WARN_OBJC_ROOT_CLASS = YES_ERROR;
				CLANG_WARN_QUOTED_INCLUDE_IN_FRAMEWORK_HEADER = YES;
				CLANG_WARN_RANGE_LOOP_ANALYSIS = YES;
				CLANG_WARN_STRICT_PROTOTYPES = YES;
				CLANG_WARN_SUSPICIOUS_MOVE = YES;
				CLANG_WARN_UNGUARDED_AVAILABILITY = YES_AGGRESSIVE;
				CLANG_WARN_UNREACHABLE_CODE = YES;
				CLANG_WARN__DUPLICATE_METHOD_MATCH = YES;
				COPY_PHASE_STRIP = NO;
				DEBUG_INFORMATION_FORMAT = "dwarf-with-dsym";
				ENABLE_NS_ASSERTIONS = NO;
				ENABLE_STRICT_OBJC_MSGSEND = YES;
				ENABLE_USER_SCRIPT_SANDBOXING = YES;
				GCC_C_LANGUAGE_STANDARD = gnu17;
				GCC_NO_COMMON_BLOCKS = YES;
				GCC_WARN_64_TO_32_BIT_CONVERSION = YES;
				GCC_WARN_ABOUT_RETURN_TYPE = YES_ERROR;
				GCC_WARN_UNDECLARED_SELECTOR = YES;
				GCC_WARN_UNINITIALIZED_AUTOS = YES_AGGRESSIVE;
				GCC_WARN_UNUSED_FUNCTION = YES;
				GCC_WARN_UNUSED_VARIABLE = YES;
				IPHONEOS_DEPLOYMENT_TARGET = 18.5;
				LOCALIZATION_PREFERS_STRING_CATALOGS = YES;
				MTL_ENABLE_DEBUG_INFO = NO;
				MTL_FAST_MATH = YES;
				SDKROOT = iphoneos;
				SWIFT_COMPILATION_MODE = wholemodule;
				VALIDATE_PRODUCT = YES;
			};
			name = Release;
		};
		69F127B82EE312D7001671B5 /* Debug */ = {
			isa = XCBuildConfiguration;
			buildSettings = {
				ASSETCATALOG_COMPILER_APPICON_NAME = AppIcon;
				ASSETCATALOG_COMPILER_GLOBAL_ACCENT_COLOR_NAME = AccentColor;
				CODE_SIGN_STYLE = Automatic;
				CURRENT_PROJECT_VERSION = 1;
				DEVELOPMENT_TEAM = "";
				ENABLE_PREVIEWS = YES;
				GENERATE_INFOPLIST_FILE = YES;
				INFOPLIST_FILE = AkilliKampusApp/Info.plist;
				INFOPLIST_KEY_LSApplicationCategoryType = "";
				INFOPLIST_KEY_NSLocationWhenInUseUsageDescription = "";
				INFOPLIST_KEY_UIApplicationSceneManifest_Generation = YES;
				INFOPLIST_KEY_UIApplicationSupportsIndirectInputEvents = YES;
				INFOPLIST_KEY_UILaunchScreen_Generation = YES;
				INFOPLIST_KEY_UISupportedInterfaceOrientations_iPad = "UIInterfaceOrientationPortrait UIInterfaceOrientationPortraitUpsideDown UIInterfaceOrientationLandscapeLeft UIInterfaceOrientationLandscapeRight";
				INFOPLIST_KEY_UISupportedInterfaceOrientations_iPhone = "UIInterfaceOrientationPortrait UIInterfaceOrientationLandscapeLeft UIInterfaceOrientationLandscapeRight";
				LD_RUNPATH_SEARCH_PATHS = (
					"$(inherited)",
					"@executable_path/Frameworks",
				);
				MARKETING_VERSION = 1.0;
				PRODUCT_BUNDLE_IDENTIFIER = com.feyzaacikgozoglu.AkilliKampusApp;
				PRODUCT_NAME = "$(TARGET_NAME)";
				SWIFT_EMIT_LOC_STRINGS = YES;
				SWIFT_VERSION = 5.0;
				TARGETED_DEVICE_FAMILY = "1,2";
			};
			name = Debug;
		};
		69F127B92EE312D7001671B5 /* Release */ = {
			isa = XCBuildConfiguration;
			buildSettings = {
				ASSETCATALOG_COMPILER_APPICON_NAME = AppIcon;
				ASSETCATALOG_COMPILER_GLOBAL_ACCENT_COLOR_NAME = AccentColor;
				CODE_SIGN_STYLE = Automatic;
				CURRENT_PROJECT_VERSION = 1;
				DEVELOPMENT_TEAM = "";
				ENABLE_PREVIEWS = YES;
				GENERATE_INFOPLIST_FILE = YES;
				INFOPLIST_FILE = AkilliKampusApp/Info.plist;
				INFOPLIST_KEY_LSApplicationCategoryType = "";
				INFOPLIST_KEY_NSLocationWhenInUseUsageDescription = "";
				INFOPLIST_KEY_UIApplicationSceneManifest_Generation = YES;
				INFOPLIST_KEY_UIApplicationSupportsIndirectInputEvents = YES;
				INFOPLIST_KEY_UILaunchScreen_Generation = YES;
				INFOPLIST_KEY_UISupportedInterfaceOrientations_iPad = "UIInterfaceOrientationPortrait UIInterfaceOrientationPortraitUpsideDown UIInterfaceOrientationLandscapeLeft UIInterfaceOrientationLandscapeRight";
				INFOPLIST_KEY_UISupportedInterfaceOrientations_iPhone = "UIInterfaceOrientationPortrait UIInterfaceOrientationLandscapeLeft UIInterfaceOrientationLandscapeRight";
				LD_RUNPATH_SEARCH_PATHS = (
					"$(inherited)",
					"@executable_path/Frameworks",
				);
				MARKETING_VERSION = 1.0;
				PRODUCT_BUNDLE_IDENTIFIER = com.feyzaacikgozoglu.AkilliKampusApp;
				PRODUCT_NAME = "$(TARGET_NAME)";
				SWIFT_EMIT_LOC_STRINGS = YES;
				SWIFT_VERSION = 5.0;
				TARGETED_DEVICE_FAMILY = "1,2";
			};
			name = Release;
		};
		69F127BB2EE312D7001671B5 /* Debug */ = {
			isa = XCBuildConfiguration;
			buildSettings = {
				BUNDLE_LOADER = "$(TEST_HOST)";
				CODE_SIGN_STYLE = Automatic;
				CURRENT_PROJECT_VERSION = 1;
				GENERATE_INFOPLIST_FILE = YES;
				IPHONEOS_DEPLOYMENT_TARGET = 18.5;
				MARKETING_VERSION = 1.0;
				PRODUCT_BUNDLE_IDENTIFIER = com.feyzaacikgozoglu.AkilliKampusAppTests;
				PRODUCT_NAME = "$(TARGET_NAME)";
				SWIFT_EMIT_LOC_STRINGS = NO;
				SWIFT_VERSION = 5.0;
				TARGETED_DEVICE_FAMILY = "1,2";
				TEST_HOST = "$(BUILT_PRODUCTS_DIR)/AkilliKampusApp.app/$(BUNDLE_EXECUTABLE_FOLDER_PATH)/AkilliKampusApp";
			};
			name = Debug;
		};
		69F127BC2EE312D7001671B5 /* Release */ = {
			isa = XCBuildConfiguration;
			buildSettings = {
				BUNDLE_LOADER = "$(TEST_HOST)";
				CODE_SIGN_STYLE = Automatic;
				CURRENT_PROJECT_VERSION = 1;
				GENERATE_INFOPLIST_FILE = YES;
				IPHONEOS_DEPLOYMENT_TARGET = 18.5;
				MARKETING_VERSION = 1.0;
				PRODUCT_BUNDLE_IDENTIFIER = com.feyzaacikgozoglu.AkilliKampusAppTests;
				PRODUCT_NAME = "$(TARGET_NAME)";
				SWIFT_EMIT_LOC_STRINGS = NO;
				SWIFT_VERSION = 5.0;
				TARGETED_DEVICE_FAMILY = "1,2";
				TEST_HOST = "$(BUILT_PRODUCTS_DIR)/AkilliKampusApp.app/$(BUNDLE_EXECUTABLE_FOLDER_PATH)/AkilliKampusApp";
			};
			name = Release;
		};
		69F127BE2EE312D7001671B5 /* Debug */ = {
			isa = XCBuildConfiguration;
			buildSettings = {
				CODE_SIGN_STYLE = Automatic;
				CURRENT_PROJECT_VERSION = 1;
				GENERATE_INFOPLIST_FILE = YES;
				MARKETING_VERSION = 1.0;
				PRODUCT_BUNDLE_IDENTIFIER = com.feyzaacikgozoglu.AkilliKampusAppUITests;
				PRODUCT_NAME = "$(TARGET_NAME)";
				SWIFT_EMIT_LOC_STRINGS = NO;
				SWIFT_VERSION = 5.0;
				TARGETED_DEVICE_FAMILY = "1,2";
				TEST_TARGET_NAME = AkilliKampusApp;
			};
			name = Debug;
		};
		69F127BF2EE312D7001671B5 /* Release */ = {
			isa = XCBuildConfiguration;
			buildSettings = {
				CODE_SIGN_STYLE = Automatic;
				CURRENT_PROJECT_VERSION = 1;
				GENERATE_INFOPLIST_FILE = YES;
				MARKETING_VERSION = 1.0;
				PRODUCT_BUNDLE_IDENTIFIER = com.feyzaacikgozoglu.AkilliKampusAppUITests;
				PRODUCT_NAME = "$(TARGET_NAME)";
				SWIFT_EMIT_LOC_STRINGS = NO;
				SWIFT_VERSION = 5.0;
				TARGETED_DEVICE_FAMILY = "1,2";
				TEST_TARGET_NAME = AkilliKampusApp;
			};
			name = Release;
		};
/* End XCBuildConfiguration section */

/* Begin XCConfigurationList section */
		69D7FA152EF44E84004C1D91 /* Build configuration list for PBXNativeTarget "AkilliKapmusApp" */ = {
			isa = XCConfigurationList;
			buildConfigurations = (
				69D7FA162EF44E84004C1D91 /* Debug */,
				69D7FA172EF44E84004C1D91 /* Release */,
			);
			defaultConfigurationIsVisible = 0;
			defaultConfigurationName = Release;
		};
		69F1278C2EE312D5001671B5 /* Build configuration list for PBXProject "AkilliKampusApp" */ = {
			isa = XCConfigurationList;
			buildConfigurations = (
				69F127B52EE312D7001671B5 /* Debug */,
				69F127B62EE312D7001671B5 /* Release */,
			);
			defaultConfigurationIsVisible = 0;
			defaultConfigurationName = Release;
		};
		69F127B72EE312D7001671B5 /* Build configuration list for PBXNativeTarget "AkilliKampusApp" */ = {
			isa = XCConfigurationList;
			buildConfigurations = (
				69F127B82EE312D7001671B5 /* Debug */,
				69F127B92EE312D7001671B5 /* Release */,
			);
			defaultConfigurationIsVisible = 0;
			defaultConfigurationName = Release;
		};
		69F127BA2EE312D7001671B5 /* Build configuration list for PBXNativeTarget "AkilliKampusAppTests" */ = {
			isa = XCConfigurationList;
			buildConfigurations = (
				69F127BB2EE312D7001671B5 /* Debug */,
				69F127BC2EE312D7001671B5 /* Release */,
			);
			defaultConfigurationIsVisible = 0;
			defaultConfigurationName = Release;
		};
		69F127BD2EE312D7001671B5 /* Build configuration list for PBXNativeTarget "AkilliKampusAppUITests" */ = {
			isa = XCConfigurationList;
			buildConfigurations = (
				69F127BE2EE312D7001671B5 /* Debug */,
				69F127BF2EE312D7001671B5 /* Release */,
			);
			defaultConfigurationIsVisible = 0;
			defaultConfigurationName = Release;
		};
/* End XCConfigurationList section */

/* Begin XCRemoteSwiftPackageReference section */
		69D7F9FA2EF448C9004C1D91 /* XCRemoteSwiftPackageReference "firebase-ios-sdk" */ = {
			isa = XCRemoteSwiftPackageReference;
			repositoryURL = "https://github.com/firebase/firebase-ios-sdk";
			requirement = {
				kind = upToNextMajorVersion;
				minimumVersion = 12.7.0;
			};
		};
		69D7FA5C2EF456BC004C1D91 /* XCRemoteSwiftPackageReference "GoogleSignIn-iOS" */ = {
			isa = XCRemoteSwiftPackageReference;
			repositoryURL = "https://github.com/google/GoogleSignIn-iOS";
			requirement = {
				kind = upToNextMajorVersion;
				minimumVersion = 9.0.0;
			};
		};
/* End XCRemoteSwiftPackageReference section */

/* Begin XCSwiftPackageProductDependency section */
		69D5BF512EFAE80E00B30B6B /* FirebaseStorage */ = {
			isa = XCSwiftPackageProductDependency;
			package = 69D7F9FA2EF448C9004C1D91 /* XCRemoteSwiftPackageReference "firebase-ios-sdk" */;
			productName = FirebaseStorage;
		};
		69D7F9FB2EF44A6A004C1D91 /* FirebaseAnalytics */ = {
			isa = XCSwiftPackageProductDependency;
			package = 69D7F9FA2EF448C9004C1D91 /* XCRemoteSwiftPackageReference "firebase-ios-sdk" */;
			productName = FirebaseAnalytics;
		};
		69D7FA012EF44DF5004C1D91 /* FirebaseAnalyticsIdentitySupport */ = {
			isa = XCSwiftPackageProductDependency;
			package = 69D7F9FA2EF448C9004C1D91 /* XCRemoteSwiftPackageReference "firebase-ios-sdk" */;
			productName = FirebaseAnalyticsIdentitySupport;
		};
		69D7FA192EF44F5F004C1D91 /* FirebaseAuth */ = {
			isa = XCSwiftPackageProductDependency;
			package = 69D7F9FA2EF448C9004C1D91 /* XCRemoteSwiftPackageReference "firebase-ios-sdk" */;
			productName = FirebaseAuth;
		};
		69D7FA1B2EF44F5F004C1D91 /* FirebaseFirestore */ = {
			isa = XCSwiftPackageProductDependency;
			package = 69D7F9FA2EF448C9004C1D91 /* XCRemoteSwiftPackageReference "firebase-ios-sdk" */;
			productName = FirebaseFirestore;
		};
		69D7FA5D2EF456BC004C1D91 /* GoogleSignIn */ = {
			isa = XCSwiftPackageProductDependency;
			package = 69D7FA5C2EF456BC004C1D91 /* XCRemoteSwiftPackageReference "GoogleSignIn-iOS" */;
			productName = GoogleSignIn;
		};
		69D7FA5F2EF456BC004C1D91 /* GoogleSignInSwift */ = {
			isa = XCSwiftPackageProductDependency;
			package = 69D7FA5C2EF456BC004C1D91 /* XCRemoteSwiftPackageReference "GoogleSignIn-iOS" */;
			productName = GoogleSignInSwift;
		};
/* End XCSwiftPackageProductDependency section */
	};
	rootObject = 69F127892EE312D5001671B5 /* Project object */;
}
